# This file is automatically @generated by Cargo.
# It is not intended for manual editing.
version = 3

[[package]]
name = "anyhow"
version = "1.0.102"
source = "registry+https://github.com/rust-lang/crates.io-index"
checksum = "7f202df86484c868dbad7eaa557ef785d5c66295e41b460ef922eca0723b842c"

[[package]]
name = "autocfg"
version = "1.5.1"
source = "registry+https://github.com/rust-lang/crates.io-index"
checksum = "f2032f911046de80f0a198e0901378627c33f59ea0ac00e363d481118bd70a53"

[[package]]
name = "base64"
version = "0.22.1"
source = "registry+https://github.com/rust-lang/crates.io-index"
checksum = "72b3254f16251a8381aa12e40e3c4d2f0199f8c6508fbecb9d91f575e0fbb8c6"

[[package]]
name = "bytes"
version = "1.11.1"
source = "registry+https://github.com/rust-lang/crates.io-index"
checksum = "1e748733b7cbc798e1434b6ac524f0c1ff2ab456fe201501e6497c8417a4fc33"

[[package]]
name = "either"
version = "1.16.0"
source = "registry+https://github.com/rust-lang/crates.io-index"
checksum = "91622ff5e7162018101f2fea40d6ebf4a78bbe5a49736a2020649edf9693679e"

[[package]]
name = "grpc-gw"
version = "0.0.0"
dependencies = [
 "prost",
 "prost-reflect",
 "prost-types",
]

[[package]]
name = "itertools"
version = "0.14.0"
source = "registry+https://github.com/rust-lang/crates.io-index"
checksum = "2b192c782037fadd9cfa75548310488aabdbf3d2da73885b31bd0abd03351285"
dependencies = [
 "either",
]

[[package]]
name = "num-traits"
version = "0.2.19"
source = "registry+https://github.com/rust-lang/crates.io-index"
checksum = "071dfc062690e90b734c0b2273ce72ad0ffa95f0c74596bc250dcfd960262841"
dependencies = [
 "autocfg",
]

[[package]]
name = "ordered-float"
version = "2.10.1"
source = "registry+https://github.com/rust-lang/crates.io-index"
checksum = "68f19d67e5a2795c94e73e0bb1cc1a7edeb2e28efd39e2e1c9b7a40c1108b11c"
dependencies = [
 "num-traits",
]

[[package]]
name = "proc-macro2"
version = "1.0.106"
source = "registry+https://github.com/rust-lang/crates.io-index"
checksum = "8fd00f0bb2e90d81d1044c2b32617f68fcb9fa3bb7640c23e9c748e53fb30934"
dependencies = [
 "unicode-ident",
]

[[package]]
name = "prost"
version = "0.14.4"
source = "registry+https://github.com/rust-lang/crates.io-index"
checksum = "528ac67416ff8646872a3c02cad9cc4ee5dc9f9540c9b10771855c95cb2e5ae1"
dependencies = [
 "bytes",
 "prost-derive",
]

[[package]]
name = "prost-derive"
version = "0.14.4"
source = "registry+https://github.com/rust-lang/crates.io-index"
checksum = "b570b25f7617e43d59005d0990ccb79e950a423952cea19671b7a876da390adf"
dependencies = [
 "anyhow",
 "itertools",
 "proc-macro2",
 "quote",
 "syn",
]

[[package]]
name = "prost-reflect"
version = "0.16.4"
source = "registry+https://github.com/rust-lang/crates.io-index"
checksum = "590aa145fee8f7a26b5a6055365e7c5e89a5c1caae9869de76ec0ee73181a2f9"
dependencies = [
 "base64",
 "prost",
 "prost-types",
 "serde",
 "serde-value",
]

[[package]]
name = "prost-types"
version = "0.14.4"
source = "registry+https://github.com/rust-lang/crates.io-index"
checksum = "f94967dc7688f3054c7fac87473ffae4cc4c3904800e2d9f5b857246d8963b0a"
dependencies = [
 "prost",
]

[[package]]
name = "quote"
version = "1.0.45"
source = "registry+https://github.com/rust-lang/crates.io-index"
checksum = "41f2619966050689382d2b44f664f4bc593e129785a36d6ee376ddf37259b924"
dependencies = [
 "proc-macro2",
]

[[package]]
name = "serde"
version = "1.0.228"
source = "registry+https://github.com/rust-lang/crates.io-index"
checksum = "9a8e94ea7f378bd32cbbd37198a4a91436180c5bb472411e48b5ec2e2124ae9e"
dependencies = [
 "serde_core",
]

[[package]]
name = "serde-value"
version = "0.7.0"
source = "registry+https://github.com/rust-lang/crates.io-index"
checksum = "f3a1a3341211875ef120e117ea7fd5228530ae7e7036a779fdc9117be6b3282c"
dependencies = [
 "ordered-float",
 "serde",
]

[[package]]
name = "serde_core"
version = "1.0.228"
source = "registry+https://github.com/rust-lang/crates.io-index"
checksum = "41d385c7d4ca58e59fc732af25c3983b67ac852c1a25000afe1175de458b67ad"
dependencies = [
 "serde_derive",
]

[[package]]
name = "serde_derive"
version = "1.0.228"
source = "registry+https://github.com/rust-lang/crates.io-index"
checksum = "d540f220d3187173da220f885ab66608367b6574e925011a9353e4badda91d79"
dependencies = [
 "proc-macro2",
 "quote",
 "syn",
]

[[package]]
name = "syn"
version = "2.0.117"
source = "registry+https://github.com/rust-lang/crates.io-index"
checksum = "e665b8803e7b1d2a727f4023456bbbbe74da67099c585258af0ad9c5013b9b99"
dependencies = [
 "proc-macro2",
 "quote",
 "unicode-ident",
]

[[package]]
name = "unicode-ident"
version = "1.0.24"
source = "registry+https://github.com/rust-lang/crates.io-index"
checksum = "e6e4313cd5fcd3dad5cafa179702e2b244f760991f45397d14d4ebf38247da75"
